PODS:
  - Flutter (1.0.0)
  - fluttertoast (0.0.2):
    - Flutter
    - Toast
  - kangaroo_business_app_sdk_ios (0.0.01):
    - Flutter
    - KangarooAppSDK
  - KangarooAppSDK (0.0.01)
  - Toast (4.0.0)

DEPENDENCIES:
  - Flutter (from `Flutter`)
  - fluttertoast (from `.symlinks/plugins/fluttertoast/ios`)
  - kangaroo_business_app_sdk_ios (from `kangaroo_business_app_sdk_ios`)

SPEC REPOS:
  trunk:
    - KangarooAppSDK
    - Toast

EXTERNAL SOURCES:
  Flutter:
    :path: Flutter
  fluttertoast:
    :path: ".symlinks/plugins/fluttertoast/ios"
  kangaroo_business_app_sdk_ios:
    :path: kangaroo_business_app_sdk_ios

SPEC CHECKSUMS:
  Flutter: 50d75fe2f02b26cc09d224853bb45737f8b3214a
  fluttertoast: 6122fa75143e992b1d3470f61000f591a798cc58
  kangaroo_business_app_sdk_ios: 1b00a6fbd20354235f1be19bdb09c5d17b31cde2
  KangarooAppSDK: 9ea273e9df05817582878599e8e530015702aae0
  Toast: 91b396c56ee72a5790816f40d3a94dd357abc196

PODFILE CHECKSUM: 338fe758dfb6e5671d02ad56f301d8273ea9f831

COCOAPODS: 1.11.3
